
Microsoft Visual Studio Solution File, Format Version 12.00
# Visual Studio Version 17
VisualStudioVersion = 17.5.33516.290
MinimumVisualStudioVersion = 10.0.40219.1
Project("{FAE04EC0-301F-11D3-BF4B-00C04F79EFBC}") = "BattleVillage", "BattleVillage\BattleVillage.csproj", "{C5765D69-70BD-457F-989D-B77E7DC8B11E}"
EndProject
Global
	GlobalSection(SolutionConfigurationPlatforms) = preSolution
		Debug|Any CPU = Debug|Any CPU
		Release|Any CPU = Release|Any CPU
	EndGlobalSection
	GlobalSection(ProjectConfigurationPlatforms) = postSolution
		{C5765D69-70BD-457F-989D-B77E7DC8B11E}.Debug|Any CPU.ActiveCfg = Debug|Any CPU
		{C5765D69-70BD-457F-989D-B77E7DC8B11E}.Debug|Any CPU.Build.0 = Debug|Any CPU
		{C5765D69-70BD-457F-989D-B77E7DC8B11E}.Release|Any CPU.ActiveCfg = Release|Any CPU
		{C5765D69-70BD-457F-989D-B77E7DC8B11E}.Release|Any CPU.Build.0 = Release|Any CPU
	EndGlobalSection
	GlobalSection(SolutionProperties) = preSolution
		HideSolutionNode = FALSE
	EndGlobalSection
	GlobalSection(ExtensibilityGlobals) = postSolution
		SolutionGuid = {496BEEE2-22DB-402C-949D-7843E4A0D20C}
	EndGlobalSection
EndGlobal
